{
  "name": "sparkle",
  "version": "1.0.286",
  "lockfileVersion": 3,
  "requires": true,
  "packages": {
    "": {
      "name": "sparkle",
      "version": "1.0.286",
      "hasInstallScript": true,
      "license": "MIT",
      "devDependencies": {
        "sparkle": "file:sparkle-1.0.176.tgz"
      }
    },
    "node_modules/sparkle": {
      "version": "1.0.176",
      "resolved": "file:sparkle-1.0.176.tgz",
      "integrity": "sha512-SZ8avQkhAOH8vBwLAFifddGc3B4yRhnAFDcsiHUE25S/nDWVvH4RPl1HHJdsnD8IgZL03xw/VeXuYe2gdflbGg==",
      "dev": true,
      "hasInstallScript": true,
      "license": "MIT",
      "bin": {
        "cat_item": "bin/cat_item.js",
        "inspect_item": "bin/inspect_item.js",
        "sparkle": "bin/sparkle.js",
        "sparkle-client": "bin/sparkle_client_launch.js",
        "sparkle-daemon": "bin/sparkle_daemon_launch.js",
        "sparkle-halt": "bin/sparkle_halt.js",
        "sparkle-no-daemon": "bin/sparkle_agent.js"
      }
    }
  }
}
